
Microsoft Visual Studio Solution File, Format Version 11.00
# Visual Studio 2010
Project("{FAE04EC0-301F-11D3-BF4B-00C04F79EFBC}") = "FolderSizeFinder", "FolderSizeFinder\FolderSizeFinder.csproj", "{682C582A-24CA-4E5B-88B6-221D4EB6B03F}"
EndProject
Global
	GlobalSection(SolutionConfigurationPlatforms) = preSolution
		Debug|x86 = Debug|x86
		Release|x86 = Release|x86
	EndGlobalSection
	GlobalSection(ProjectConfigurationPlatforms) = postSolution
		{682C582A-24CA-4E5B-88B6-221D4EB6B03F}.Debug|x86.ActiveCfg = Debug|x86
		{682C582A-24CA-4E5B-88B6-221D4EB6B03F}.Debug|x86.Build.0 = Debug|x86
		{682C582A-24CA-4E5B-88B6-221D4EB6B03F}.Release|x86.ActiveCfg = Release|x86
		{682C582A-24CA-4E5B-88B6-221D4EB6B03F}.Release|x86.Build.0 = Release|x86
	EndGlobalSection
	GlobalSection(SolutionProperties) = preSolution
		HideSolutionNode = FALSE
	EndGlobalSection
EndGlobal
